{
  "name": "ssb-suggest",
  "version": "1.0.6",
  "lockfileVersion": 1,
  "requires": true,
  "dependencies": {
    "commander": {
      "version": "2.19.0",
      "resolved": "https://registry.npmjs.org/commander/-/commander-2.19.0.tgz",
      "integrity": "sha512-6tvAOO+D6OENvRAh524Dh9jcfKTYDQAqvqezbCW82xj5X0pSrcpxtvRKHLG0yBY6SD7PSDrJaj+0AiOcKVd1Xg=="
    },
    "discontinuous-range": {
      "version": "1.0.0",
      "resolved": "https://registry.npmjs.org/discontinuous-range/-/discontinuous-range-1.0.0.tgz",
      "integrity": "sha1-44Mx8IRLukm5qctxx3FYWqsbxlo="
    },
    "ip": {
      "version": "1.1.5",
      "resolved": "https://registry.npmjs.org/ip/-/ip-1.1.5.tgz",
      "integrity": "sha1-vd7XARQpCCjAoDnnLvJfWq7ENUo="
    },
    "is-canonical-base64": {
      "version": "1.1.1",
      "resolved": "https://registry.npmjs.org/is-canonical-base64/-/is-canonical-base64-1.1.1.tgz",
      "integrity": "sha512-o6t/DwgEapC0bsloqtegAQyZzQXaQ5+8fzsyf2KmLqupC2ifLFq/lMQiFCJeGpdSrK1o6GL+WW2lRU050lLlFg=="
    },
    "is-valid-domain": {
      "version": "0.0.7",
      "resolved": "https://registry.npmjs.org/is-valid-domain/-/is-valid-domain-0.0.7.tgz",
      "integrity": "sha512-/T1z/cPJQO6F8N77gTm5iWFyzmUwh/Je2C8yZVxEg8+5evsMqeDh++IoFZQCoPsIbm90OWhOfs2hmy7k3APxEg=="
    },
    "lodash.merge": {
      "version": "4.6.2",
      "resolved": "https://registry.npmjs.org/lodash.merge/-/lodash.merge-4.6.2.tgz",
      "integrity": "sha512-0KpjqXRVvrYyCsX1swR/XTK0va6VQkQM6MNo7PqW77ByjAhoARA8EfrP1N4+KlKj8YS0ZUCtRT/YUuhyYDujIQ=="
    },
    "looper": {
      "version": "4.0.0",
      "resolved": "https://registry.npmjs.org/looper/-/looper-4.0.0.tgz",
      "integrity": "sha1-dwat7VmpntygbmtUu4bI7BnJUVU="
    },
    "moo": {
      "version": "0.4.3",
      "resolved": "https://registry.npmjs.org/moo/-/moo-0.4.3.tgz",
      "integrity": "sha512-gFD2xGCl8YFgGHsqJ9NKRVdwlioeW3mI1iqfLNYQOv0+6JRwG58Zk9DIGQgyIaffSYaO1xsKnMaYzzNr1KyIAw=="
    },
    "multiserver-address": {
      "version": "1.0.1",
      "resolved": "https://registry.npmjs.org/multiserver-address/-/multiserver-address-1.0.1.tgz",
      "integrity": "sha512-IfZMAGs9onCLkYNSnNBri3JxuvhQYllMyh3W9ry86iEDcfW9uPVsHTHDsjDxQtL+dPq3byshmA+Y4LN2wLHwNw==",
      "requires": {
        "nearley": "^2.15.1"
      }
    },
    "nearley": {
      "version": "2.16.0",
      "resolved": "https://registry.npmjs.org/nearley/-/nearley-2.16.0.tgz",
      "integrity": "sha512-Tr9XD3Vt/EujXbZBv6UAHYoLUSMQAxSsTnm9K3koXzjzNWY195NqALeyrzLZBKzAkL3gl92BcSogqrHjD8QuUg==",
      "requires": {
        "commander": "^2.19.0",
        "moo": "^0.4.3",
        "railroad-diagrams": "^1.0.0",
        "randexp": "0.4.6",
        "semver": "^5.4.1"
      }
    },
    "pull-cat": {
      "version": "1.1.11",
      "resolved": "https://registry.npmjs.org/pull-cat/-/pull-cat-1.1.11.tgz",
      "integrity": "sha1-tkLdElXaN2pwa220+pYvX9t0wxs="
    },
    "pull-paramap": {
      "version": "1.2.2",
      "resolved": "https://registry.npmjs.org/pull-paramap/-/pull-paramap-1.2.2.tgz",
      "integrity": "sha1-UaQZPOnI1yFdla2tReK824STsjo=",
      "requires": {
        "looper": "^4.0.0"
      }
    },
    "pull-stream": {
      "version": "3.6.9",
      "resolved": "https://registry.npmjs.org/pull-stream/-/pull-stream-3.6.9.tgz",
      "integrity": "sha512-hJn4POeBrkttshdNl0AoSCVjMVSuBwuHocMerUdoZ2+oIUzrWHFTwJMlbHND7OiKLVgvz6TFj8ZUVywUMXccbw=="
    },
    "railroad-diagrams": {
      "version": "1.0.0",
      "resolved": "https://registry.npmjs.org/railroad-diagrams/-/railroad-diagrams-1.0.0.tgz",
      "integrity": "sha1-635iZ1SN3t+4mcG5Dlc3RVnN234="
    },
    "randexp": {
      "version": "0.4.6",
      "resolved": "https://registry.npmjs.org/randexp/-/randexp-0.4.6.tgz",
      "integrity": "sha512-80WNmd9DA0tmZrw9qQa62GPPWfuXJknrmVmLcxvq4uZBdYqb1wYoKTmnlGUchvVWe0XiLupYkBoXVOxz3C8DYQ==",
      "requires": {
        "discontinuous-range": "1.0.0",
        "ret": "~0.1.10"
      }
    },
    "ret": {
      "version": "0.1.15",
      "resolved": "https://registry.npmjs.org/ret/-/ret-0.1.15.tgz",
      "integrity": "sha512-TTlYpa+OL+vMMNG24xSlQGEJ3B/RzEfUlLct7b5G/ytav+wPrplCpVMFuwzXbkecJrb6IYo1iFb0S9v37754mg=="
    },
    "run-parallel": {
      "version": "1.1.9",
      "resolved": "https://registry.npmjs.org/run-parallel/-/run-parallel-1.1.9.tgz",
      "integrity": "sha512-DEqnSRTDw/Tc3FXf49zedI638Z9onwUotBMiUFKmrO2sdFKIbXamXGQ3Axd4qgphxKB4kw/qP1w5kTxnfU1B9Q=="
    },
    "semver": {
      "version": "5.6.0",
      "resolved": "https://registry.npmjs.org/semver/-/semver-5.6.0.tgz",
      "integrity": "sha512-RS9R6R35NYgQn++fkDWaOmqGoj4Ek9gGs+DPxNUZKuwE183xjJroKvyo1IzVFeXvUrvmALy6FWD5xrdJT25gMg=="
    },
    "ssb-ref": {
      "version": "2.13.9",
      "resolved": "https://registry.npmjs.org/ssb-ref/-/ssb-ref-2.13.9.tgz",
      "integrity": "sha512-TfatNqLvoP+eW/pMIbCmNcaoDq4R2k8jCtWkwDKx4AtluN/LwtyP931d5Mh+2gmzA04W7kxkr6f5ENGgdadMYg==",
      "requires": {
        "ip": "^1.1.3",
        "is-canonical-base64": "^1.1.1",
        "is-valid-domain": "~0.0.1",
        "multiserver-address": "^1.0.1"
      }
    }
  }
}
